// !$*UTF8*$!
{
	archiveVersion = 1;
	classes = {
	};
	objectVersion = 77;
	objects = {

/* Begin PBXBuildFile section */
		F7FB773C2FBE069900A9C110 /* RealityKitContent in Frameworks */ = {isa = PBXBuildFile; productRef = F7FB773B2FBE069900A9C110 /* RealityKitContent */; };
/* End PBXBuildFile section */

/* Begin PBXFileReference section */
		F71ABA0C2FE95AFD007848FC /* LumaStageControl.app */ = {isa = PBXFileReference; explicitFileType = wrapper.application; includeInIndex = 0; path = LumaStageControl.app; sourceTree = BUILT_PRODUCTS_DIR; };
		F7FB77362FBE069900A9C110 /* LumaStage.app */ = {isa = PBXFileReference; explicitFileType = wrapper.application; includeInIndex = 0; path = LumaStage.app; sourceTree = BUILT_PRODUCTS_DIR; };
		F7FB773A2FBE069900A9C110 /* RealityKitContent */ = {isa = PBXFileReference; lastKnownFileType = wrapper; path = RealityKitContent; sourceTree = "<group>"; };
/* End PBXFileReference section */

/* Begin PBXFileSystemSynchronizedBuildFileExceptionSet section */
		F71ABA1C2FE95B54007848FC /* Exceptions for "LumaStage" folder in "LumaStageControl" target */ = {
			isa = PBXFileSystemSynchronizedBuildFileExceptionSet;
			membershipExceptions = (
				FixtureGroups.swift,
				iPadPanel/LumaPanelApp.swift,
				iPadPanel/LumaPanelModel.swift,
				iPadPanel/PanelChatView.swift,
				iPadPanel/PanelFaderBankView.swift,
				iPadPanel/PanelLightingView.swift,
				iPadPanel/PanelRootView.swift,
				LightEffect.swift,
				LightingAIService.swift,
				LightingFixtureCatalog.swift,
				LightingModels.swift,
				LumaStageDesign.swift,
				LumaSyncProtocol.swift,
				LumaSyncTransport.swift,
				MultipeerSyncTransport.swift,
				RigConstraint.swift,
				StageBuilderModels.swift,
			);
			target = F71ABA0B2FE95AFD007848FC /* LumaStageControl */;
		};
		F71ABA1E2FE95C30007848FC /* Exceptions for "LumaStageControl" folder in "LumaStageControl" target */ = {
			isa = PBXFileSystemSynchronizedBuildFileExceptionSet;
			membershipExceptions = (
				Info.plist,
			);
			target = F71ABA0B2FE95AFD007848FC /* LumaStageControl */;
		};
		F7FB77462FBE069B00A9C110 /* Exceptions for "LumaStage" folder in "LumaStage" target */ = {
			isa = PBXFileSystemSynchronizedBuildFileExceptionSet;
			membershipExceptions = (
				Info.plist,
			);
			target = F7FB77352FBE069900A9C110 /* LumaStage */;
		};
/* End PBXFileSystemSynchronizedBuildFileExceptionSet section */

/* Begin PBXFileSystemSynchronizedRootGroup section */
		F71ABA0D2FE95AFD007848FC /* LumaStageControl */ = {
			isa = PBXFileSystemSynchronizedRootGroup;
			exceptions = (
				F71ABA1E2FE95C30007848FC /* Exceptions for "LumaStageControl" folder in "LumaStageControl" target */,
			);
			path = LumaStageControl;
			sourceTree = "<group>";
		};
		F7FB77382FBE069900A9C110 /* LumaStage */ = {
			isa = PBXFileSystemSynchronizedRootGroup;
			exceptions = (
				F7FB77462FBE069B00A9C110 /* Exceptions for "LumaStage" folder in "LumaStage" target */,
				F71ABA1C2FE95B54007848FC /* Exceptions for "LumaStage" folder in "LumaStageControl" target */,
			);
			path = LumaStage;
			sourceTree = "<group>";
		};
/* End PBXFileSystemSynchronizedRootGroup section */

/* Begin PBXFrameworksBuildPhase section */
		F71ABA092FE95AFD007848FC /* Frameworks */ = {
			isa = PBXFrameworksBuildPhase;
			buildActionMask = 2147483647;
			files = (
			);
			runOnlyForDeploymentPostprocessing = 0;
		};
		F7FB77332FBE069900A9C110 /* Frameworks */ = {
			isa = PBXFrameworksBuildPhase;
			buildActionMask = 2147483647;
			files = (
				F7FB773C2FBE069900A9C110 /* RealityKitContent in Frameworks */,
			);
			runOnlyForDeploymentPostprocessing = 0;
		};
/* End PBXFrameworksBuildPhase section */

/* Begin PBXGroup section */
		F7FB772D2FBE069900A9C110 = {
			isa = PBXGroup;
			children = (
				F7FB77382FBE069900A9C110 /* LumaStage */,
				F7FB77392FBE069900A9C110 /* Packages */,
				F71ABA0D2FE95AFD007848FC /* LumaStageControl */,
				F7FB77372FBE069900A9C110 /* Products */,
			);
			sourceTree = "<group>";
		};
		F7FB77372FBE069900A9C110 /* Products */ = {
			isa = PBXGroup;
			children = (
				F7FB77362FBE069900A9C110 /* LumaStage.app */,
				F71ABA0C2FE95AFD007848FC /* LumaStageControl.app */,
			);
			name = Products;
			sourceTree = "<group>";
		};
		F7FB77392FBE069900A9C110 /* Packages */ = {
			isa = PBXGroup;
			children = (
				F7FB773A2FBE069900A9C110 /* RealityKitContent */,
			);
			path = Packages;
			sourceTree = "<group>";
		};
/* End PBXGroup section */

/* Begin PBXNativeTarget section */
		F71ABA0B2FE95AFD007848FC /* LumaStageControl */ = {
			isa = PBXNativeTarget;
			buildConfigurationList = F71ABA162FE95B00007848FC /* Build configuration list for PBXNativeTarget "LumaStageControl" */;
			buildPhases = (
				F71ABA082FE95AFD007848FC /* Sources */,
				F71ABA092FE95AFD007848FC /* Frameworks */,
				F71ABA0A2FE95AFD007848FC /* Resources */,
			);
			buildRules = (
			);
			dependencies = (
			);
			fileSystemSynchronizedGroups = (
				F71ABA0D2FE95AFD007848FC /* LumaStageControl */,
			);
			name = LumaStageControl;
			packageProductDependencies = (
			);
			productName = LumaStageControl;
			productReference = F71ABA0C2FE95AFD007848FC /* LumaStageControl.app */;
			productType = "com.apple.product-type.application";
		};
		F7FB77352FBE069900A9C110 /* LumaStage */ = {
			isa = PBXNativeTarget;
			buildConfigurationList = F7FB77472FBE069B00A9C110 /* Build configuration list for PBXNativeTarget "LumaStage" */;
			buildPhases = (
				F7FB77322FBE069900A9C110 /* Sources */,
				F7FB77332FBE069900A9C110 /* Frameworks */,
				F7FB77342FBE069900A9C110 /* Resources */,
			);
			buildRules = (
			);
			dependencies = (
			);
			fileSystemSynchronizedGroups = (
				F7FB77382FBE069900A9C110 /* LumaStage */,
			);
			name = LumaStage;
			packageProductDependencies = (
				F7FB773B2FBE069900A9C110 /* RealityKitContent */,
			);
			productName = LumaStage;
			productReference = F7FB77362FBE069900A9C110 /* LumaStage.app */;
			productType = "com.apple.product-type.application";
		};
/* End PBXNativeTarget section */

/* Begin PBXProject section */
		F7FB772E2FBE069900A9C110 /* Project object */ = {
			isa = PBXProject;
			attributes = {
				BuildIndependentTargetsInParallel = 1;
				LastSwiftUpdateCheck = 2700;
				LastUpgradeCheck = 2640;
				TargetAttributes = {
					F71ABA0B2FE95AFD007848FC = {
						CreatedOnToolsVersion = 27.0;
					};
					F7FB77352FBE069900A9C110 = {
						CreatedOnToolsVersion = 26.4;
					};
				};
			};
			buildConfigurationList = F7FB77312FBE069900A9C110 /* Build configuration list for PBXProject "LumaStage" */;
			developmentRegion = en;
			hasScannedForEncodings = 0;
			knownRegions = (
				en,
				Base,
			);
			mainGroup = F7FB772D2FBE069900A9C110;
			minimizedProjectReferenceProxies = 1;
			packageReferences = (
				F7FB773D2FBE069900A9C110 /* XCLocalSwiftPackageReference "Packages/RealityKitContent" */,
			);
			preferredProjectObjectVersion = 77;
			productRefGroup = F7FB77372FBE069900A9C110 /* Products */;
			projectDirPath = "";
			projectRoot = "";
			targets = (
				F7FB77352FBE069900A9C110 /* LumaStage */,
				F71ABA0B2FE95AFD007848FC /* LumaStageControl */,
			);
		};
/* End PBXProject section */

/* Begin PBXResourcesBuildPhase section */
		F71ABA0A2FE95AFD007848FC /* Resources */ = {
			isa = PBXResourcesBuildPhase;
			buildActionMask = 2147483647;
			files = (
			);
			runOnlyForDeploymentPostprocessing = 0;
		};
		F7FB77342FBE069900A9C110 /* Resources */ = {
			isa = PBXResourcesBuildPhase;
			buildActionMask = 2147483647;
			files = (
			);
			runOnlyForDeploymentPostprocessing = 0;
		};
/* End PBXResourcesBuildPhase section */

/* Begin PBXSourcesBuildPhase section */
		F71ABA082FE95AFD007848FC /* Sources */ = {
			isa = PBXSourcesBuildPhase;
			buildActionMask = 2147483647;
			files = (
			);
			runOnlyForDeploymentPostprocessing = 0;
		};
		F7FB77322FBE069900A9C110 /* Sources */ = {
			isa = PBXSourcesBuildPhase;
			buildActionMask = 2147483647;
			files = (
			);
			runOnlyForDeploymentPostprocessing = 0;
		};
/* End PBXSourcesBuildPhase section */

/* Begin XCBuildConfiguration section */
		F71ABA142FE95B00007848FC /* Debug */ = {
			isa = XCBuildConfiguration;
			buildSettings = {
				ASSETCATALOG_COMPILER_APPICON_NAME = AppIcon;
				ASSETCATALOG_COMPILER_GLOBAL_ACCENT_COLOR_NAME = AccentColor;
				CODE_SIGN_STYLE = Automatic;
				CURRENT_PROJECT_VERSION = 1;
				DEVELOPMENT_TEAM = 3WMZ8937S4;
				ENABLE_PREVIEWS = YES;
				GENERATE_INFOPLIST_FILE = YES;
				INFOPLIST_FILE = LumaStageControl/Info.plist;
				INFOPLIST_KEY_NSLocalNetworkUsageDescription = "LumaStage 使用本機網路，將 iPad 控制面板與 Apple Vision Pro 連結。";
				INFOPLIST_KEY_UIApplicationSceneManifest_Generation = YES;
				INFOPLIST_KEY_UIApplicationSupportsIndirectInputEvents = YES;
				INFOPLIST_KEY_UILaunchScreen_Generation = YES;
				INFOPLIST_KEY_UISupportedInterfaceOrientations_iPad = "UIInterfaceOrientationPortrait UIInterfaceOrientationPortraitUpsideDown UIInterfaceOrientationLandscapeLeft UIInterfaceOrientationLandscapeRight";
				INFOPLIST_KEY_UISupportedInterfaceOrientations_iPhone = "UIInterfaceOrientationPortrait UIInterfaceOrientationLandscapeLeft UIInterfaceOrientationLandscapeRight";
				IPHONEOS_DEPLOYMENT_TARGET = 26.0;
				LD_RUNPATH_SEARCH_PATHS = (
					"$(inherited)",
					"@executable_path/Frameworks",
				);
				MARKETING_VERSION = 1.0;
				PRODUCT_BUNDLE_IDENTIFIER = com.ruxiu0409.LumaStageControl;
				PRODUCT_NAME = "$(TARGET_NAME)";
				SDKROOT = iphoneos;
				STRING_CATALOG_GENERATE_SYMBOLS = YES;
				SWIFT_APPROACHABLE_CONCURRENCY = YES;
				SWIFT_DEFAULT_ACTOR_ISOLATION = MainActor;
				SWIFT_EMIT_LOC_STRINGS = YES;
				SWIFT_UPCOMING_FEATURE_MEMBER_IMPORT_VISIBILITY = YES;
				SWIFT_VERSION = 5.0;
				TARGETED_DEVICE_FAMILY = "1,2";
			};
			name = Debug;
		};
		F71ABA152FE95B00007848FC /* Release */ = {
			isa = XCBuildConfiguration;
			buildSettings = {
				ASSETCATALOG_COMPILER_APPICON_NAME = AppIcon;
				ASSETCATALOG_COMPILER_GLOBAL_ACCENT_COLOR_NAME = AccentColor;
				CODE_SIGN_STYLE = Automatic;
				CURRENT_PROJECT_VERSION = 1;
				DEVELOPMENT_TEAM = 3WMZ8937S4;
				ENABLE_PREVIEWS = YES;
				GENERATE_INFOPLIST_FILE = YES;
				INFOPLIST_FILE = LumaStageControl/Info.plist;
				INFOPLIST_KEY_NSLocalNetworkUsageDescription = "LumaStage 使用本機網路，將 iPad 控制面板與 Apple Vision Pro 連結。";
				INFOPLIST_KEY_UIApplicationSceneManifest_Generation = YES;
				INFOPLIST_KEY_UIApplicationSupportsIndirectInputEvents = YES;
				INFOPLIST_KEY_UILaunchScreen_Generation = YES;
				INFOPLIST_KEY_UISupportedInterfaceOrientations_iPad = "UIInterfaceOrientationPortrait UIInterfaceOrientationPortraitUpsideDown UIInterfaceOrientationLandscapeLeft UIInterfaceOrientationLandscapeRight";
				INFOPLIST_KEY_UISupportedInterfaceOrientations_iPhone = "UIInterfaceOrientationPortrait UIInterfaceOrientationLandscapeLeft UIInterfaceOrientationLandscapeRight";
				IPHONEOS_DEPLOYMENT_TARGET = 26.0;
				LD_RUNPATH_SEARCH_PATHS = (
					"$(inherited)",
					"@executable_path/Frameworks",
				);
				MARKETING_VERSION = 1.0;
				PRODUCT_BUNDLE_IDENTIFIER = com.ruxiu0409.LumaStageControl;
				PRODUCT_NAME = "$(TARGET_NAME)";
				SDKROOT = iphoneos;
				STRING_CATALOG_GENERATE_SYMBOLS = YES;
				SWIFT_APPROACHABLE_CONCURRENCY = YES;
				SWIFT_DEFAULT_ACTOR_ISOLATION = MainActor;
				SWIFT_EMIT_LOC_STRINGS = YES;
				SWIFT_UPCOMING_FEATURE_MEMBER_IMPORT_VISIBILITY = YES;
				SWIFT_VERSION = 5.0;
				TARGETED_DEVICE_FAMILY = "1,2";
			};
			name = Release;
		};
		F7FB77482FBE069B00A9C110 /* Debug */ = {
			isa = XCBuildConfiguration;
			buildSettings = {
				ASSETCATALOG_COMPILER_APPICON_NAME = AppIcon;
				ASSETCATALOG_COMPILER_GLOBAL_ACCENT_COLOR_NAME = AccentColor;
				CODE_SIGN_STYLE = Automatic;
				CURRENT_PROJECT_VERSION = 1;
				DEVELOPMENT_TEAM = 3WMZ8937S4;
				ENABLE_PREVIEWS = YES;
				GENERATE_INFOPLIST_FILE = YES;
				INFOPLIST_FILE = "$(TARGET_NAME)/Info.plist";
				INFOPLIST_KEY_NSAppleMusicUsageDescription = "LumaStage 讀取你的音樂資料庫，讓你挑一首本機歌曲在裝置端離線分析、自動生成節拍同步演出。";
				INFOPLIST_KEY_NSLocalNetworkUsageDescription = "LumaStage 使用本機網路，將 iPad 控制面板與 Apple Vision Pro 連結。";
				INFOPLIST_KEY_NSMicrophoneUsageDescription = "LumaStage 使用麥克風，將口說的燈光需求轉換為燈光提示。";
				INFOPLIST_KEY_NSSpeechRecognitionUsageDescription = "LumaStage 使用語音辨識，讓你可以用語音描述舞台燈光的變化。";
				INFOPLIST_KEY_NSWorldSensingUsageDescription = "LumaStage 偵測你周遭的水平桌面，把編輯用的小型舞台模型穩穩放在真實桌面上。";
				LD_RUNPATH_SEARCH_PATHS = (
					"$(inherited)",
					"@executable_path/Frameworks",
				);
				MARKETING_VERSION = 1.0;
				PRODUCT_BUNDLE_IDENTIFIER = com.ruxiu0409.LumaStage;
				PRODUCT_NAME = "$(TARGET_NAME)";
				STRING_CATALOG_GENERATE_SYMBOLS = YES;
				SUPPORTED_PLATFORMS = "xros xrsimulator";
				SWIFT_APPROACHABLE_CONCURRENCY = YES;
				SWIFT_DEFAULT_ACTOR_ISOLATION = MainActor;
				SWIFT_EMIT_LOC_STRINGS = YES;
				SWIFT_UPCOMING_FEATURE_MEMBER_IMPORT_VISIBILITY = YES;
				SWIFT_VERSION = 5.0;
				TARGETED_DEVICE_FAMILY = 7;
				XROS_DEPLOYMENT_TARGET = 26.0;
			};
			name = Debug;
		};
		F7FB77492FBE069B00A9C110 /* Release */ = {
			isa = XCBuildConfiguration;
			buildSettings = {
				ASSETCATALOG_COMPILER_APPICON_NAME = AppIcon;
				ASSETCATALOG_COMPILER_GLOBAL_ACCENT_COLOR_NAME = AccentColor;
				CODE_SIGN_STYLE = Automatic;
				CURRENT_PROJECT_VERSION = 1;
				DEVELOPMENT_TEAM = 3WMZ8937S4;
				ENABLE_PREVIEWS = YES;
				GENERATE_INFOPLIST_FILE = YES;
				INFOPLIST_FILE = "$(TARGET_NAME)/Info.plist";
				INFOPLIST_KEY_NSAppleMusicUsageDescription = "LumaStage 讀取你的音樂資料庫，讓你挑一首本機歌曲在裝置端離線分析、自動生成節拍同步演出。";
				INFOPLIST_KEY_NSLocalNetworkUsageDescription = "LumaStage 使用本機網路，將 iPad 控制面板與 Apple Vision Pro 連結。";
				INFOPLIST_KEY_NSMicrophoneUsageDescription = "LumaStage 使用麥克風，將口說的燈光需求轉換為燈光提示。";
				INFOPLIST_KEY_NSSpeechRecognitionUsageDescription = "LumaStage 使用語音辨識，讓你可以用語音描述舞台燈光的變化。";
				INFOPLIST_KEY_NSWorldSensingUsageDescription = "LumaStage 偵測你周遭的水平桌面，把編輯用的小型舞台模型穩穩放在真實桌面上。";
				LD_RUNPATH_SEARCH_PATHS = (
					"$(inherited)",
					"@executable_path/Frameworks",
				);
				MARKETING_VERSION = 1.0;
				PRODUCT_BUNDLE_IDENTIFIER = com.ruxiu0409.LumaStage;
				PRODUCT_NAME = "$(TARGET_NAME)";
				STRING_CATALOG_GENERATE_SYMBOLS = YES;
				SUPPORTED_PLATFORMS = "xros xrsimulator";
				SWIFT_APPROACHABLE_CONCURRENCY = YES;
				SWIFT_DEFAULT_ACTOR_ISOLATION = MainActor;
				SWIFT_EMIT_LOC_STRINGS = YES;
				SWIFT_UPCOMING_FEATURE_MEMBER_IMPORT_VISIBILITY = YES;
				SWIFT_VERSION = 5.0;
				TARGETED_DEVICE_FAMILY = 7;
				XROS_DEPLOYMENT_TARGET = 26.0;
			};
			name = Release;
		};
		F7FB774A2FBE069B00A9C110 /* Debug */ = {
			isa = XCBuildConfiguration;
			buildSettings = {
				ALWAYS_SEARCH_USER_PATHS = NO;
				ASSETCATALOG_COMPILER_GENERATE_SWIFT_ASSET_SYMBOL_EXTENSIONS = YES;
				CLANG_ANALYZER_NONNULL = YES;
				CLANG_ANALYZER_NUMBER_OBJECT_CONVERSION = YES_AGGRESSIVE;
				CLANG_CXX_LANGUAGE_STANDARD = "gnu++20";
				CLANG_ENABLE_MODULES = YES;
				CLANG_ENABLE_OBJC_ARC = YES;
				CLANG_ENABLE_OBJC_WEAK = YES;
				CLANG_WARN_BLOCK_CAPTURE_AUTORELEASING = YES;
				CLANG_WARN_BOOL_CONVERSION = YES;
				CLANG_WARN_COMMA = YES;
				CLANG_WARN_CONSTANT_CONVERSION = YES;
				CLANG_WARN_DEPRECATED_OBJC_IMPLEMENTATIONS = YES;
				CLANG_WARN_DIRECT_OBJC_ISA_USAGE = YES_ERROR;
				CLANG_WARN_DOCUMENTATION_COMMENTS = YES;
				CLANG_WARN_EMPTY_BODY = YES;
				CLANG_WARN_ENUM_CONVERSION = YES;
				CLANG_WARN_INFINITE_RECURSION = YES;
				CLANG_WARN_INT_CONVERSION = YES;
				CLANG_WARN_NON_LITERAL_NULL_CONVERSION = YES;
				CLANG_WARN_OBJC_IMPLICIT_RETAIN_SELF = YES;
				CLANG_WARN_OBJC_LITERAL_CONVERSION = YES;
				CLANG_WARN_OBJC_ROOT_CLASS = YES_ERROR;
				CLANG_WARN_QUOTED_INCLUDE_IN_FRAMEWORK_HEADER = YES;
				CLANG_WARN_RANGE_LOOP_ANALYSIS = YES;
				CLANG_WARN_STRICT_PROTOTYPES = YES;
				CLANG_WARN_SUSPICIOUS_MOVE = YES;
				CLANG_WARN_UNGUARDED_AVAILABILITY = YES_AGGRESSIVE;
				CLANG_WARN_UNREACHABLE_CODE = YES;
				CLANG_WARN__DUPLICATE_METHOD_MATCH = YES;
				COPY_PHASE_STRIP = NO;
				DEBUG_INFORMATION_FORMAT = dwarf;
				DEVELOPMENT_TEAM = 3WMZ8937S4;
				ENABLE_STRICT_OBJC_MSGSEND = YES;
				ENABLE_TESTABILITY = YES;
				ENABLE_USER_SCRIPT_SANDBOXING = YES;
				GCC_C_LANGUAGE_STANDARD = gnu17;
				GCC_DYNAMIC_NO_PIC = NO;
				GCC_NO_COMMON_BLOCKS = YES;
				GCC_OPTIMIZATION_LEVEL = 0;
				GCC_PREPROCESSOR_DEFINITIONS = (
					"DEBUG=1",
					"$(inherited)",
				);
				GCC_WARN_64_TO_32_BIT_CONVERSION = YES;
				GCC_WARN_ABOUT_RETURN_TYPE = YES_ERROR;
				GCC_WARN_UNDECLARED_SELECTOR = YES;
				GCC_WARN_UNINITIALIZED_AUTOS = YES_AGGRESSIVE;
				GCC_WARN_UNUSED_FUNCTION = YES;
				GCC_WARN_UNUSED_VARIABLE = YES;
				LOCALIZATION_PREFERS_STRING_CATALOGS = YES;
				MTL_ENABLE_DEBUG_INFO = INCLUDE_SOURCE;
				MTL_FAST_MATH = YES;
				ONLY_ACTIVE_ARCH = YES;
				SDKROOT = xros;
				SWIFT_ACTIVE_COMPILATION_CONDITIONS = "DEBUG $(inherited)";
				SWIFT_OPTIMIZATION_LEVEL = "-Onone";
				XROS_DEPLOYMENT_TARGET = 26.0;
			};
			name = Debug;
		};
		F7FB774B2FBE069B00A9C110 /* Release */ = {
			isa = XCBuildConfiguration;
			buildSettings = {
				ALWAYS_SEARCH_USER_PATHS = NO;
				ASSETCATALOG_COMPILER_GENERATE_SWIFT_ASSET_SYMBOL_EXTENSIONS = YES;
				CLANG_ANALYZER_NONNULL = YES;
				CLANG_ANALYZER_NUMBER_OBJECT_CONVERSION = YES_AGGRESSIVE;
				CLANG_CXX_LANGUAGE_STANDARD = "gnu++20";
				CLANG_ENABLE_MODULES = YES;
				CLANG_ENABLE_OBJC_ARC = YES;
				CLANG_ENABLE_OBJC_WEAK = YES;
				CLANG_WARN_BLOCK_CAPTURE_AUTORELEASING = YES;
				CLANG_WARN_BOOL_CONVERSION = YES;
				CLANG_WARN_COMMA = YES;
				CLANG_WARN_CONSTANT_CONVERSION = YES;
				CLANG_WARN_DEPRECATED_OBJC_IMPLEMENTATIONS = YES;
				CLANG_WARN_DIRECT_OBJC_ISA_USAGE = YES_ERROR;
				CLANG_WARN_DOCUMENTATION_COMMENTS = YES;
				CLANG_WARN_EMPTY_BODY = YES;
				CLANG_WARN_ENUM_CONVERSION = YES;
				CLANG_WARN_INFINITE_RECURSION = YES;
				CLANG_WARN_INT_CONVERSION = YES;
				CLANG_WARN_NON_LITERAL_NULL_CONVERSION = YES;
				CLANG_WARN_OBJC_IMPLICIT_RETAIN_SELF = YES;
				CLANG_WARN_OBJC_LITERAL_CONVERSION = YES;
				CLANG_WARN_OBJC_ROOT_CLASS = YES_ERROR;
				CLANG_WARN_QUOTED_INCLUDE_IN_FRAMEWORK_HEADER = YES;
				CLANG_WARN_RANGE_LOOP_ANALYSIS = YES;
				CLANG_WARN_STRICT_PROTOTYPES = YES;
				CLANG_WARN_SUSPICIOUS_MOVE = YES;
				CLANG_WARN_UNGUARDED_AVAILABILITY = YES_AGGRESSIVE;
				CLANG_WARN_UNREACHABLE_CODE = YES;
				CLANG_WARN__DUPLICATE_METHOD_MATCH = YES;
				COPY_PHASE_STRIP = NO;
				DEBUG_INFORMATION_FORMAT = "dwarf-with-dsym";
				DEVELOPMENT_TEAM = 3WMZ8937S4;
				ENABLE_NS_ASSERTIONS = NO;
				ENABLE_STRICT_OBJC_MSGSEND = YES;
				ENABLE_USER_SCRIPT_SANDBOXING = YES;
				GCC_C_LANGUAGE_STANDARD = gnu17;
				GCC_NO_COMMON_BLOCKS = YES;
				GCC_WARN_64_TO_32_BIT_CONVERSION = YES;
				GCC_WARN_ABOUT_RETURN_TYPE = YES_ERROR;
				GCC_WARN_UNDECLARED_SELECTOR = YES;
				GCC_WARN_UNINITIALIZED_AUTOS = YES_AGGRESSIVE;
				GCC_WARN_UNUSED_FUNCTION = YES;
				GCC_WARN_UNUSED_VARIABLE = YES;
				LOCALIZATION_PREFERS_STRING_CATALOGS = YES;
				MTL_ENABLE_DEBUG_INFO = NO;
				MTL_FAST_MATH = YES;
				SDKROOT = xros;
				SWIFT_COMPILATION_MODE = wholemodule;
				VALIDATE_PRODUCT = YES;
				XROS_DEPLOYMENT_TARGET = 26.0;
			};
			name = Release;
		};
/* End XCBuildConfiguration section */

/* Begin XCConfigurationList section */
		F71ABA162FE95B00007848FC /* Build configuration list for PBXNativeTarget "LumaStageControl" */ = {
			isa = XCConfigurationList;
			buildConfigurations = (
				F71ABA142FE95B00007848FC /* Debug */,
				F71ABA152FE95B00007848FC /* Release */,
			);
			defaultConfigurationIsVisible = 0;
			defaultConfigurationName = Release;
		};
		F7FB77312FBE069900A9C110 /* Build configuration list for PBXProject "LumaStage" */ = {
			isa = XCConfigurationList;
			buildConfigurations = (
				F7FB774A2FBE069B00A9C110 /* Debug */,
				F7FB774B2FBE069B00A9C110 /* Release */,
			);
			defaultConfigurationIsVisible = 0;
			defaultConfigurationName = Release;
		};
		F7FB77472FBE069B00A9C110 /* Build configuration list for PBXNativeTarget "LumaStage" */ = {
			isa = XCConfigurationList;
			buildConfigurations = (
				F7FB77482FBE069B00A9C110 /* Debug */,
				F7FB77492FBE069B00A9C110 /* Release */,
			);
			defaultConfigurationIsVisible = 0;
			defaultConfigurationName = Release;
		};
/* End XCConfigurationList section */

/* Begin XCLocalSwiftPackageReference section */
		F7FB773D2FBE069900A9C110 /* XCLocalSwiftPackageReference "Packages/RealityKitContent" */ = {
			isa = XCLocalSwiftPackageReference;
			relativePath = Packages/RealityKitContent;
		};
/* End XCLocalSwiftPackageReference section */

/* Begin XCSwiftPackageProductDependency section */
		F7FB773B2FBE069900A9C110 /* RealityKitContent */ = {
			isa = XCSwiftPackageProductDependency;
			package = F7FB773D2FBE069900A9C110 /* XCLocalSwiftPackageReference "Packages/RealityKitContent" */;
			productName = RealityKitContent;
		};
/* End XCSwiftPackageProductDependency section */
	};
	rootObject = F7FB772E2FBE069900A9C110 /* Project object */;
}
